
Microsoft Visual Studio Solution File, Format Version 12.00
# Visual Studio 2013
VisualStudioVersion = 12.0.21005.1
MinimumVisualStudioVersion = 10.0.40219.1
Project("{2150E333-8FDC-42A3-9474-1A3956D46DE8}") = "UnitTests", "UnitTests", "{25925E3A-89EA-479C-B2DC-BD41DF89FE27}"
EndProject
Project("{2150E333-8FDC-42A3-9474-1A3956D46DE8}") = "DAL", "DAL", "{177976DB-769F-418E-B51F-18F157A56A8B}"
EndProject
Project("{2150E333-8FDC-42A3-9474-1A3956D46DE8}") = "Common", "Common", "{BD11EDD1-FF6D-4034-8F86-A95CDBDB9439}"
EndProject
Project("{2150E333-8FDC-42A3-9474-1A3956D46DE8}") = "BL", "BL", "{CFE65995-42BF-4682-8029-47B0DE37B89A}"
EndProject
Project("{2150E333-8FDC-42A3-9474-1A3956D46DE8}") = "Client", "Client", "{50AE6FD3-0D35-4D0C-AAA1-FCE587E3D164}"
EndProject
Project("{FAE04EC0-301F-11D3-BF4B-00C04F79EFBC}") = "AcBL", "BL\AcBL\AcBL.csproj", "{32F3E273-935A-4F23-9D00-81EE4E5A4346}"
EndProject
Project("{FAE04EC0-301F-11D3-BF4B-00C04F79EFBC}") = "AcCommon", "Common\AcCommon\AcCommon.csproj", "{EBD63774-2195-4CC2-A1E8-BF9587CAEDD3}"
EndProject
Project("{FAE04EC0-301F-11D3-BF4B-00C04F79EFBC}") = "AcXmlParser", "Common\AcXmlParser\AcXmlParser.csproj", "{39FFA57C-BC2F-4888-B574-4700012480FA}"
EndProject
Project("{FAE04EC0-301F-11D3-BF4B-00C04F79EFBC}") = "AcDAL", "DAL\AcDAL\AcDAL.csproj", "{230E16CD-FA87-4712-87B7-51C1BBD4E613}"
EndProject
Project("{FAE04EC0-301F-11D3-BF4B-00C04F79EFBC}") = "UnitTestAcGoogleSearcher", "UnitTests\UnitTestAcGoogleSearcher\UnitTestAcGoogleSearcher.csproj", "{74135310-AB7B-43A8-A2C8-2780F0CAC565}"
EndProject
Project("{FAE04EC0-301F-11D3-BF4B-00C04F79EFBC}") = "AcGoogleSearcher", "Common\GoogleSearcher\AcGoogleSearcher.csproj", "{B5E8D248-9150-4CF0-9033-F5D85D3D50C5}"
EndProject
Project("{FAE04EC0-301F-11D3-BF4B-00C04F79EFBC}") = "UnitTestAcXmlParser", "UnitTests\UnitTestAcXmlParser\UnitTestAcXmlParser.csproj", "{2DCFE84F-EB2F-4DBB-A797-2E51A8692E1F}"
EndProject
Project("{FAE04EC0-301F-11D3-BF4B-00C04F79EFBC}") = "UnitTestBL", "UnitTests\UnitTestBL\UnitTestBL.csproj", "{7FA5C81D-3D33-4E0C-9721-F6841B680EE8}"
EndProject
Project("{FAE04EC0-301F-11D3-BF4B-00C04F79EFBC}") = "UnitTestDAL", "UnitTests\UnitTestDAL\UnitTestDAL.csproj", "{D0FBCE66-ED8E-4761-85D6-E4DF2365E364}"
EndProject
Project("{FAE04EC0-301F-11D3-BF4B-00C04F79EFBC}") = "AcConsoleApplication", "Client\AcConsoleApplication\AcConsoleApplication.csproj", "{B38FF775-83FB-434F-AF48-EF3B2187C3A4}"
EndProject
Global
	GlobalSection(SolutionConfigurationPlatforms) = preSolution
		Debug|Any CPU = Debug|Any CPU
		Release|Any CPU = Release|Any CPU
	EndGlobalSection
	GlobalSection(ProjectConfigurationPlatforms) = postSolution
		{32F3E273-935A-4F23-9D00-81EE4E5A4346}.Debug|Any CPU.ActiveCfg = Debug|Any CPU
		{32F3E273-935A-4F23-9D00-81EE4E5A4346}.Debug|Any CPU.Build.0 = Debug|Any CPU
		{32F3E273-935A-4F23-9D00-81EE4E5A4346}.Release|Any CPU.ActiveCfg = Release|Any CPU
		{32F3E273-935A-4F23-9D00-81EE4E5A4346}.Release|Any CPU.Build.0 = Release|Any CPU
		{EBD63774-2195-4CC2-A1E8-BF9587CAEDD3}.Debug|Any CPU.ActiveCfg = Debug|Any CPU
		{EBD63774-2195-4CC2-A1E8-BF9587CAEDD3}.Debug|Any CPU.Build.0 = Debug|Any CPU
		{EBD63774-2195-4CC2-A1E8-BF9587CAEDD3}.Release|Any CPU.ActiveCfg = Release|Any CPU
		{EBD63774-2195-4CC2-A1E8-BF9587CAEDD3}.Release|Any CPU.Build.0 = Release|Any CPU
		{39FFA57C-BC2F-4888-B574-4700012480FA}.Debug|Any CPU.ActiveCfg = Debug|Any CPU
		{39FFA57C-BC2F-4888-B574-4700012480FA}.Debug|Any CPU.Build.0 = Debug|Any CPU
		{39FFA57C-BC2F-4888-B574-4700012480FA}.Release|Any CPU.ActiveCfg = Release|Any CPU
		{39FFA57C-BC2F-4888-B574-4700012480FA}.Release|Any CPU.Build.0 = Release|Any CPU
		{230E16CD-FA87-4712-87B7-51C1BBD4E613}.Debug|Any CPU.ActiveCfg = Debug|Any CPU
		{230E16CD-FA87-4712-87B7-51C1BBD4E613}.Debug|Any CPU.Build.0 = Debug|Any CPU
		{230E16CD-FA87-4712-87B7-51C1BBD4E613}.Release|Any CPU.ActiveCfg = Release|Any CPU
		{230E16CD-FA87-4712-87B7-51C1BBD4E613}.Release|Any CPU.Build.0 = Release|Any CPU
		{74135310-AB7B-43A8-A2C8-2780F0CAC565}.Debug|Any CPU.ActiveCfg = Debug|Any CPU
		{74135310-AB7B-43A8-A2C8-2780F0CAC565}.Debug|Any CPU.Build.0 = Debug|Any CPU
		{74135310-AB7B-43A8-A2C8-2780F0CAC565}.Release|Any CPU.ActiveCfg = Release|Any CPU
		{74135310-AB7B-43A8-A2C8-2780F0CAC565}.Release|Any CPU.Build.0 = Release|Any CPU
		{B5E8D248-9150-4CF0-9033-F5D85D3D50C5}.Debug|Any CPU.ActiveCfg = Debug|Any CPU
		{B5E8D248-9150-4CF0-9033-F5D85D3D50C5}.Debug|Any CPU.Build.0 = Debug|Any CPU
		{B5E8D248-9150-4CF0-9033-F5D85D3D50C5}.Release|Any CPU.ActiveCfg = Release|Any CPU
		{B5E8D248-9150-4CF0-9033-F5D85D3D50C5}.Release|Any CPU.Build.0 = Release|Any CPU
		{2DCFE84F-EB2F-4DBB-A797-2E51A8692E1F}.Debug|Any CPU.ActiveCfg = Debug|Any CPU
		{2DCFE84F-EB2F-4DBB-A797-2E51A8692E1F}.Debug|Any CPU.Build.0 = Debug|Any CPU
		{2DCFE84F-EB2F-4DBB-A797-2E51A8692E1F}.Release|Any CPU.ActiveCfg = Release|Any CPU
		{2DCFE84F-EB2F-4DBB-A797-2E51A8692E1F}.Release|Any CPU.Build.0 = Release|Any CPU
		{7FA5C81D-3D33-4E0C-9721-F6841B680EE8}.Debug|Any CPU.ActiveCfg = Debug|Any CPU
		{7FA5C81D-3D33-4E0C-9721-F6841B680EE8}.Debug|Any CPU.Build.0 = Debug|Any CPU
		{7FA5C81D-3D33-4E0C-9721-F6841B680EE8}.Release|Any CPU.ActiveCfg = Release|Any CPU
		{7FA5C81D-3D33-4E0C-9721-F6841B680EE8}.Release|Any CPU.Build.0 = Release|Any CPU
		{D0FBCE66-ED8E-4761-85D6-E4DF2365E364}.Debug|Any CPU.ActiveCfg = Debug|Any CPU
		{D0FBCE66-ED8E-4761-85D6-E4DF2365E364}.Debug|Any CPU.Build.0 = Debug|Any CPU
		{D0FBCE66-ED8E-4761-85D6-E4DF2365E364}.Release|Any CPU.ActiveCfg = Release|Any CPU
		{D0FBCE66-ED8E-4761-85D6-E4DF2365E364}.Release|Any CPU.Build.0 = Release|Any CPU
		{B38FF775-83FB-434F-AF48-EF3B2187C3A4}.Debug|Any CPU.ActiveCfg = Debug|Any CPU
		{B38FF775-83FB-434F-AF48-EF3B2187C3A4}.Debug|Any CPU.Build.0 = Debug|Any CPU
		{B38FF775-83FB-434F-AF48-EF3B2187C3A4}.Release|Any CPU.ActiveCfg = Release|Any CPU
		{B38FF775-83FB-434F-AF48-EF3B2187C3A4}.Release|Any CPU.Build.0 = Release|Any CPU
	EndGlobalSection
	GlobalSection(SolutionProperties) = preSolution
		HideSolutionNode = FALSE
	EndGlobalSection
	GlobalSection(NestedProjects) = preSolution
		{74135310-AB7B-43A8-A2C8-2780F0CAC565} = {25925E3A-89EA-479C-B2DC-BD41DF89FE27}
		{2DCFE84F-EB2F-4DBB-A797-2E51A8692E1F} = {25925E3A-89EA-479C-B2DC-BD41DF89FE27}
		{7FA5C81D-3D33-4E0C-9721-F6841B680EE8} = {25925E3A-89EA-479C-B2DC-BD41DF89FE27}
		{D0FBCE66-ED8E-4761-85D6-E4DF2365E364} = {25925E3A-89EA-479C-B2DC-BD41DF89FE27}
		{230E16CD-FA87-4712-87B7-51C1BBD4E613} = {177976DB-769F-418E-B51F-18F157A56A8B}
		{EBD63774-2195-4CC2-A1E8-BF9587CAEDD3} = {BD11EDD1-FF6D-4034-8F86-A95CDBDB9439}
		{39FFA57C-BC2F-4888-B574-4700012480FA} = {BD11EDD1-FF6D-4034-8F86-A95CDBDB9439}
		{B5E8D248-9150-4CF0-9033-F5D85D3D50C5} = {BD11EDD1-FF6D-4034-8F86-A95CDBDB9439}
		{32F3E273-935A-4F23-9D00-81EE4E5A4346} = {CFE65995-42BF-4682-8029-47B0DE37B89A}
		{B38FF775-83FB-434F-AF48-EF3B2187C3A4} = {50AE6FD3-0D35-4D0C-AAA1-FCE587E3D164}
	EndGlobalSection
EndGlobal
